
Microsoft Visual Studio Solution File, Format Version 12.00
# Visual Studio Version 17
VisualStudioVersion = 17.14.36414.22 d17.14
MinimumVisualStudioVersion = 10.0.40219.1
Project("{FAE04EC0-301F-11D3-BF4B-00C04F79EFBC}") = "Kurs_ArendOff", "Kurs_ArendOff.csproj", "{1FA2BA3B-E300-4562-84A0-302EA129606E}"
EndProject
Global
	GlobalSection(SolutionConfigurationPlatforms) = preSolution
		Debug|Any CPU = Debug|Any CPU
		Release|Any CPU = Release|Any CPU
	EndGlobalSection
	GlobalSection(ProjectConfigurationPlatforms) = postSolution
		{1FA2BA3B-E300-4562-84A0-302EA129606E}.Debug|Any CPU.ActiveCfg = Debug|Any CPU
		{1FA2BA3B-E300-4562-84A0-302EA129606E}.Debug|Any CPU.Build.0 = Debug|Any CPU
		{1FA2BA3B-E300-4562-84A0-302EA129606E}.Release|Any CPU.ActiveCfg = Release|Any CPU
		{1FA2BA3B-E300-4562-84A0-302EA129606E}.Release|Any CPU.Build.0 = Release|Any CPU
	EndGlobalSection
	GlobalSection(SolutionProperties) = preSolution
		HideSolutionNode = FALSE
	EndGlobalSection
	GlobalSection(ExtensibilityGlobals) = postSolution
		SolutionGuid = {44C0A362-E4B1-49A9-9E67-F5610E58C241}
	EndGlobalSection
EndGlobal
